
Microsoft Visual Studio Solution File, Format Version 12.00
# Visual Studio Version 16
VisualStudioVersion = 16.0.32602.291
MinimumVisualStudioVersion = 10.0.40219.1
Project("{FAE04EC0-301F-11D3-BF4B-00C04F79EFBC}") = "Ucus_Rezervasyon_Sistemi", "Ucus_Rezervasyon_Sistemi\Ucus_Rezervasyon_Sistemi.csproj", "{E11CBBF3-39D9-4E3B-BA1C-9FA69B8CAC71}"
EndProject
Global
	GlobalSection(SolutionConfigurationPlatforms) = preSolution
		Debug|Any CPU = Debug|Any CPU
		Release|Any CPU = Release|Any CPU
	EndGlobalSection
	GlobalSection(ProjectConfigurationPlatforms) = postSolution
		{E11CBBF3-39D9-4E3B-BA1C-9FA69B8CAC71}.Debug|Any CPU.ActiveCfg = Debug|Any CPU
		{E11CBBF3-39D9-4E3B-BA1C-9FA69B8CAC71}.Debug|Any CPU.Build.0 = Debug|Any CPU
		{E11CBBF3-39D9-4E3B-BA1C-9FA69B8CAC71}.Release|Any CPU.ActiveCfg = Release|Any CPU
		{E11CBBF3-39D9-4E3B-BA1C-9FA69B8CAC71}.Release|Any CPU.Build.0 = Release|Any CPU
	EndGlobalSection
	GlobalSection(SolutionProperties) = preSolution
		HideSolutionNode = FALSE
	EndGlobalSection
	GlobalSection(ExtensibilityGlobals) = postSolution
		SolutionGuid = {B4CFC488-5400-4F66-A4AA-8215A2199CBF}
	EndGlobalSection
EndGlobal
